7zip-0:26.02-1.fc44.x86_64
ModemManager-0:1.24.2-3.fc44.x86_64
ModemManager-glib-0:1.24.2-3.fc44.x86_64
NetworkManager-1:1.56.1-2.fc44.x86_64
NetworkManager-bluetooth-1:1.56.1-2.fc44.x86_64
NetworkManager-cloud-setup-1:1.56.1-2.fc44.x86_64
NetworkManager-libnm-1:1.56.1-2.fc44.x86_64
NetworkManager-tui-1:1.56.1-2.fc44.x86_64
NetworkManager-wifi-1:1.56.1-2.fc44.x86_64
NetworkManager-wwan-1:1.56.1-2.fc44.x86_64
WALinuxAgent-udev-0:2.15.0.1-3.fc44.noarch
aardvark-dns-2:1.17.1-1.fc44.x86_64
abattis-cantarell-vf-fonts-0:0.301-17.fc44.noarch
abseil-cpp-0:20260107.1-1.fc44.x86_64
accountsservice-0:23.13.9-16.fc44.x86_64
accountsservice-libs-0:23.13.9-16.fc44.x86_64
acl-0:2.4.0-1.fc44.x86_64
adcli-0:0.9.3.1-5.fc44.x86_64
adcli-selinux-0:0.9.3.1-5.fc44.noarch
adwaita-cursor-theme-0:50.0-1.fc44.noarch
adwaita-icon-theme-0:50.0-1.fc44.noarch
adwaita-icon-theme-legacy-0:46.2-7.fc44.noarch
adwaita-mono-fonts-0:50.0-1.fc44.noarch
adwaita-sans-fonts-0:50.0-1.fc44.noarch
alsa-lib-0:1.2.16.1-1.fc44.x86_64
alternatives-0:1.33-5.fc44.x86_64
amd-gpu-firmware-0:20260810-1.fc44.noarch
amd-ucode-firmware-0:20260810-1.fc44.noarch
appstream-0:1.1.3-1.fc44.x86_64
aribb24-0:1.0.3^20160216git5e9be27-5.fc44.x86_64
at-spi2-atk-0:2.60.6-1.fc44.x86_64
at-spi2-core-0:2.60.6-1.fc44.x86_64
atheros-firmware-0:20260810-1.fc44.noarch
atk-0:2.60.6-1.fc44.x86_64
attr-0:2.6.0-1.fc44.x86_64
audit-libs-0:4.2.1-1.fc44.x86_64
authselect-0:1.7.1-1.fc44.x86_64
authselect-libs-0:1.7.1-1.fc44.x86_64
avahi-0:0.9~rc2-8.fc44.x86_64
avahi-glib-0:0.9~rc2-8.fc44.x86_64
avahi-libs-0:0.9~rc2-8.fc44.x86_64
bash-0:5.3.9-3.fc44.x86_64
bash-completion-1:2.17-2.fc44.noarch
bind-libs-32:9.18.50-2.fc44.x86_64
bind-utils-32:9.18.50-2.fc44.x86_64
bluez-0:5.87-6.fc44.x86_64
bluez-libs-0:5.87-6.fc44.x86_64
boost-atomic-0:1.90.0-7.fc44.x86_64
boost-chrono-0:1.90.0-7.fc44.x86_64
boost-container-0:1.90.0-7.fc44.x86_64
boost-date-time-0:1.90.0-7.fc44.x86_64
boost-thread-0:1.90.0-7.fc44.x86_64
bootc-0:1.16.10-1.fc44.x86_64
bootupd-0:0.2.35-1.fc44.x86_64
brcmfmac-firmware-0:20260810-1.fc44.noarch
btrfs-progs-0:7.1-1.fc44.x86_64
bubblewrap-0:0.12.0-1.fc44.x86_64
bzip2-0:1.0.8-23.fc44.x86_64
bzip2-libs-0:1.0.8-23.fc44.x86_64
c-ares-0:1.34.8-1.fc44.x86_64
ca-certificates-0:2026.2.90_v9.0.317-1.fc44.noarch
cairo-0:1.18.4-6.fc44.x86_64
cairo-gobject-0:1.18.4-6.fc44.x86_64
catatonit-0:0.2.1-5.fc44.x86_64
cdparanoia-libs-0:10.2-50.fc44.x86_64
checkpolicy-0:3.11-1.fc44.x86_64
chrony-0:4.9-1.fc44.x86_64
chunkah-0:0.6.0-1.fc44.x86_64
cirrus-audio-firmware-0:20260810-1.fc44.noarch
cjson-0:1.7.19-1.fc44.x86_64
clevis-0:21-14.fc44.x86_64
clevis-dracut-0:21-14.fc44.x86_64
clevis-luks-0:21-14.fc44.x86_64
clevis-pin-tpm2-0:0.5.4-1.fc44.x86_64
clevis-systemd-0:21-14.fc44.x86_64
cloud-init-0:26.1-1.fc44.noarch
cloud-utils-growpart-0:0.33-13.fc44.noarch
codec2-0:1.2.0-9.fc44.x86_64
color-filesystem-0:1-38.fc44.noarch
colord-0:1.4.8-4.fc44.x86_64
colord-gtk4-0:0.3.1-6.fc44.x86_64
colord-libs-0:1.4.8-4.fc44.x86_64
composefs-0:1.0.8-5.fc44.x86_64
composefs-libs-0:1.0.8-5.fc44.x86_64
conmon-2:2.2.1-2.fc44.x86_64
console-login-helper-messages-0:0.21.3-13.fc44.noarch
console-login-helper-messages-issuegen-0:0.21.3-13.fc44.noarch
console-login-helper-messages-profile-0:0.21.3-13.fc44.noarch
container-selinux-4:2.250.0-1.fc44.noarch
containers-common-5:0.67.0-1.fc44.noarch
containers-common-extra-5:0.67.0-1.fc44.noarch
coreutils-0:9.10-5.fc44.x86_64
coreutils-common-0:9.10-5.fc44.x86_64
cpio-0:2.15-9.fc44.x86_64
cracklib-0:2.10.3-1.fc44.x86_64
cracklib-dicts-0:2.10.3-1.fc44.x86_64
criu-0:4.2.1-1.fc44.x86_64
criu-libs-0:4.2.1-1.fc44.x86_64
crun-0:1.28-1.fc44.x86_64
crypto-policies-0:20251128-3.git19878fe.fc44.noarch
crypto-policies-scripts-0:20251128-3.git19878fe.fc44.noarch
cryptsetup-0:2.8.7-1.fc44.x86_64
cryptsetup-libs-0:2.8.7-1.fc44.x86_64
cups-filesystem-1:2.4.19-3.fc44.noarch
cups-libs-1:2.4.19-3.fc44.x86_64
cups-pk-helper-0:0.2.7-12.fc44.x86_64
curl-0:8.18.0-9.fc44.x86_64
cyrus-sasl-gssapi-0:2.1.28-35.fc44.x86_64
cyrus-sasl-lib-0:2.1.28-35.fc44.x86_64
dbus-1:1.16.2-1.fc44.x86_64
dbus-broker-0:37-8.fc44.x86_64
dbus-common-1:1.16.2-1.fc44.noarch
dbus-libs-1:1.16.2-1.fc44.x86_64
dconf-0:0.49.0-5.fc44.x86_64
default-fonts-core-sans-0:4.3-1.fc44.noarch
desktop-file-utils-0:0.28-5.fc44.x86_64
device-mapper-0:1.02.212-2.fc44.x86_64
device-mapper-event-0:1.02.212-2.fc44.x86_64
device-mapper-event-libs-0:1.02.212-2.fc44.x86_64
device-mapper-libs-0:1.02.212-2.fc44.x86_64
device-mapper-persistent-data-0:1.3.3-1.fc44.x86_64
dhcpcd-0:10.3.2-1.fc44.x86_64
diffutils-0:3.12-5.fc44.x86_64
dnf5-0:5.4.4.0-1.fc44.x86_64
dns-root-data-0:2026260100-2.fc44.noarch
dosfstools-0:4.2-18.fc44.x86_64
dracut-0:108-7.fc44.x86_64
dracut-network-0:108-7.fc44.x86_64
dracut-squash-0:108-7.fc44.x86_64
duktape-0:2.7.0-11.fc44.x86_64
e2fsprogs-0:1.47.3-4.fc44.x86_64
e2fsprogs-libs-0:1.47.3-4.fc44.x86_64
editorconfig-libs-0:0.12.11-1.fc44.x86_64
efi-filesystem-0:6-6.fc44.noarch
efibootmgr-0:18-11.fc44.x86_64
efivar-libs-0:39-12.fc44.x86_64
elfutils-debuginfod-client-0:0.196-1.fc44.x86_64
elfutils-default-yama-scope-0:0.196-1.fc44.noarch
elfutils-libelf-0:0.196-1.fc44.x86_64
elfutils-libs-0:0.196-1.fc44.x86_64
emacs-filesystem-1:30.2-2.fc44.x86_64
enchant2-0:2.8.19-2.fc44.x86_64
ethtool-2:7.1-1.fc44.x86_64
evolution-data-server-0:3.60.2-1.fc44.x86_64
evolution-data-server-langpacks-0:3.60.2-1.fc44.noarch
exempi-0:2.6.4-9.fc44.x86_64
exfatprogs-0:1.4.3-1.fc44.x86_64
exiv2-libs-0:0.28.9-1.fc44.x86_64
expat-0:2.8.3-1.fc44.x86_64
f2fs-tools-0:1.16.0-10.fc44.x86_64
fd-find-0:10.4.2-4.fc44.x86_64
fdk-aac-free-0:2.0.3-2.fc44.x86_64
fedora-gpg-keys-0:44-2.noarch
fedora-logos-0:42.0.1-3.fc44.noarch
fedora-release-0:44-18.noarch
fedora-release-common-0:44-18.noarch
fedora-release-identity-basic-0:44-18.noarch
fedora-repos-0:44-2.noarch
fedora-repos-archive-0:44-2.noarch
fftw-libs-single-0:3.3.10-17.fc44.x86_64
file-0:5.46-10.fc44.x86_64
file-libs-0:5.46-10.fc44.x86_64
filesystem-0:3.18-52.fc44.x86_64
findutils-1:4.10.0-7.fc44.x86_64
firewalld-0:2.4.4-1.fc44.noarch
firewalld-filesystem-0:2.4.4-1.fc44.noarch
flac-libs-0:1.5.0-8.fc44.x86_64
flatpak-session-helper-0:1.18.2-1.fc44.x86_64
flite-0:2.2-13.fc44.x86_64
fmt-0:11.2.0-4.fc44.x86_64
fontconfig-0:2.17.0-4.fc44.x86_64
fonts-filesystem-1:5.0.0-2.fc44.noarch
freetype-0:2.14.3-1.fc44.x86_64
fribidi-0:1.0.16-4.fc44.x86_64
fstrm-0:0.6.1-14.fc44.x86_64
fuse-common-0:3.18.2-1.fc44.x86_64
fuse-overlayfs-0:1.17-1.fc44.x86_64
fuse3-0:3.18.2-1.fc44.x86_64
fuse3-libs-0:3.18.2-1.fc44.x86_64
fwupd-0:2.1.7-1.fc44.x86_64
fwupd-efi-0:1.8-1.fc44.x86_64
fwupd-plugin-modem-manager-0:2.1.7-1.fc44.x86_64
fwupd-plugin-uefi-capsule-data-0:2.1.7-1.fc44.x86_64
fzf-0:0.74.3-1.fc44.x86_64
game-music-emu-0:0.6.4-3.fc44.x86_64
gawk-0:5.3.2-3.fc44.x86_64
gawk-all-langpacks-0:5.3.2-3.fc44.x86_64
gcr-0:4.4.0.1-7.fc44.x86_64
gcr-libs-0:4.4.0.1-7.fc44.x86_64
gcr3-0:3.41.1-12.fc44.x86_64
gcr3-base-0:3.41.1-12.fc44.x86_64
gdbm-1:1.23-11.fc44.x86_64
gdbm-libs-1:1.23-11.fc44.x86_64
gdk-pixbuf2-0:2.44.6^really2.44.4-3.fc44.x86_64
gdm-1:50.3-1.fc44.x86_64
geoclue2-0:2.8.2-1.fc44.x86_64
geoclue2-libs-0:2.8.2-1.fc44.x86_64
geocode-glib-0:3.26.4-15.fc44.x86_64
gettext-0:0.26-5.fc44.x86_64
gettext-envsubst-0:0.26-5.fc44.x86_64
gettext-libs-0:0.26-5.fc44.x86_64
gettext-runtime-0:0.26-5.fc44.x86_64
gh-0:2.97.0-2.fc44.x86_64
giflib-0:6.1.3-2.fc44.x86_64
git-0:2.55.0-1.fc44.x86_64
git-core-0:2.55.0-1.fc44.x86_64
git-core-doc-0:2.55.0-1.fc44.noarch
gjs-0:1.88.1-2.fc44.x86_64
glib-networking-0:2.80.1-4.fc44.x86_64
glib2-0:2.88.3-1.fc44.x86_64
glibc-0:2.43-8.fc44.x86_64
glibc-common-0:2.43-8.fc44.x86_64
glibc-gconv-extra-0:2.43-8.fc44.x86_64
glibc-langpack-en-0:2.43-8.fc44.x86_64
glibc-minimal-langpack-0:2.43-8.fc44.x86_64
glycin-gtk4-libs-0:2.1.5-1.fc44.x86_64
glycin-libs-0:2.1.5-1.fc44.x86_64
glycin-loaders-0:2.1.5-1.fc44.x86_64
gmp-1:6.3.0-5.fc44.x86_64
gnome-autoar-0:0.4.5-4.fc44.x86_64
gnome-bluetooth-libs-1:47.2-1.fc44.x86_64
gnome-calculator-0:50.0-1.fc44.x86_64
gnome-control-center-0:50.4-1.fc44.x86_64
gnome-control-center-filesystem-0:50.4-1.fc44.noarch
gnome-desktop3-0:44.5-1.fc44.x86_64
gnome-desktop4-0:44.5-1.fc44.x86_64
gnome-keyring-0:50.0-1.fc44.x86_64
gnome-keyring-pam-0:50.0-1.fc44.x86_64
gnome-online-accounts-0:3.58.1-1.fc44.x86_64
gnome-online-accounts-libs-0:3.58.1-1.fc44.x86_64
gnome-session-0:50.1-1.fc44.x86_64
gnome-session-wayland-session-0:50.1-1.fc44.x86_64
gnome-settings-daemon-0:50.1-1.fc44.x86_64
gnome-shell-0:50.4-1.fc44.x86_64
gnome-shell-common-0:50.4-1.fc44.noarch
gnome-shell-extension-common-0:50.3-1.fc44.noarch
gnome-shell-extension-dash-to-dock-0:105-1.fc44.noarch
gnome-text-editor-0:50.1-1.fc44.x86_64
gnulib-l10n-0:20241231-2.fc44.noarch
gnupg2-0:2.4.9-16.fc44.x86_64
gnupg2-dirmngr-0:2.4.9-16.fc44.x86_64
gnupg2-gpg-agent-0:2.4.9-16.fc44.x86_64
gnupg2-gpgconf-0:2.4.9-16.fc44.x86_64
gnupg2-keyboxd-0:2.4.9-16.fc44.x86_64
gnupg2-verify-0:2.4.9-16.fc44.x86_64
gnutls-0:3.8.13-1.fc44.x86_64
gnutls-dane-0:3.8.13-1.fc44.x86_64
gobject-introspection-0:1.86.0-3.fc44.x86_64
google-chrome-stable-0:153.0.8010.36-1.x86_64
google-noto-fonts-common-0:20251201-2.fc44.noarch
google-noto-sans-fonts-0:20251201-2.fc44.noarch
google-noto-sans-mono-fonts-0:20251201-2.fc44.noarch
google-noto-sans-vf-fonts-0:20251201-2.fc44.noarch
gpg-pubkey-0:36f612dcf27f7d1a48a835e4dbfcf71c6d9f90a6-6786af3b.(none)
gpg-pubkey-0:eb4c1bfd4f042f6dddccec917721f63bd38b4796-570c8cd3.(none)
gpgme-0:2.0.1-5.fc44.x86_64
gpgmepp-0:2.0.1-5.fc44.x86_64
graphene-0:1.10.8-4.fc44.x86_64
graphite2-0:1.3.14-20.fc44.x86_64
grep-0:3.12-3.fc44.x86_64
groff-base-0:1.23.0-12.fc44.x86_64
grub2-common-1:2.12-64.fc44.noarch
grub2-efi-x64-1:2.12-64.fc44.x86_64
grub2-pc-1:2.12-64.fc44.x86_64
grub2-pc-modules-1:2.12-64.fc44.noarch
grub2-tools-1:2.12-64.fc44.x86_64
grub2-tools-minimal-1:2.12-64.fc44.x86_64
gsettings-desktop-schemas-0:50.1-1.fc44.x86_64
gsm-0:1.0.24-2.fc44.x86_64
gsound-0:1.0.3-12.fc44.x86_64
gssdp-0:1.6.6-1.fc44.x86_64
gssproxy-0:0.9.2-10.fc44.x86_64
gstreamer1-0:1.28.6-1.fc44.x86_64
gstreamer1-plugins-bad-free-libs-0:1.28.6-1.fc44.x86_64
gstreamer1-plugins-base-0:1.28.6-1.fc44.x86_64
gstreamer1-plugins-good-0:1.28.6-1.fc44.x86_64
gtk-update-icon-cache-0:3.24.52-2.fc44.x86_64
gtk3-0:3.24.52-2.fc44.x86_64
gtk4-0:4.22.4-2.fc44.x86_64
gtksourceview5-0:5.20.0-1.fc44.x86_64
gupnp-0:1.6.10-1.fc44.x86_64
gupnp-igd-0:1.6.0-8.fc44.x86_64
gvfs-0:1.60.2-1.fc44.x86_64
gvfs-client-0:1.60.2-1.fc44.x86_64
gvfs-goa-0:1.60.2-1.fc44.x86_64
gweather-locations-0:2026.2-1.fc44.x86_64
gweather-locations-common-0:2026.2-1.fc44.noarch
gzip-0:1.14-2.fc44.x86_64
harfbuzz-0:14.1.0-2.fc44.x86_64
harfbuzz-icu-0:14.1.0-2.fc44.x86_64
hicolor-icon-theme-0:0.18-3.fc44.noarch
hidapi-0:0.15.0-3.fc44.x86_64
highway-0:1.3.0-2.fc44.x86_64
hiredis-0:1.2.0-8.fc44.x86_64
hostname-0:3.25-4.fc44.x86_64
hunspell-0:1.7.3-1.fc44.x86_64
hunspell-en-US-0:0.20260225-2.fc44.noarch
hunspell-filesystem-0:1.7.3-1.fc44.x86_64
hwdata-0:0.410-1.fc44.noarch
hyphen-0:2.8.8-28.fc44.x86_64
ibus-libs-0:1.5.34-4.fc44.x86_64
iio-sensor-proxy-0:3.8-2.fc44.x86_64
ilbc-0:3.0.4-19.fc44.x86_64
ima-evm-utils-libs-0:1.6.2-8.fc44.x86_64
inih-0:62-2.fc44.x86_64
inih-cpp-0:62-2.fc44.x86_64
intel-audio-firmware-0:20260810-1.fc44.noarch
intel-gpu-firmware-0:20260810-1.fc44.noarch
iproute-0:6.17.0-2.fc44.x86_64
iproute-tc-0:6.17.0-2.fc44.x86_64
iptables-libs-0:1.8.11-13.fc44.x86_64
iptables-nft-0:1.8.11-13.fc44.x86_64
iptables-services-0:1.8.11-13.fc44.noarch
iptables-utils-0:1.8.11-13.fc44.x86_64
iputils-0:20250605-2.fc44.x86_64
irqbalance-2:1.9.5-2.fc44.x86_64
iso-codes-0:4.20.1-3.fc44.noarch
iw-0:6.17-2.fc44.x86_64
jansson-0:2.14-4.fc44.x86_64
javascriptcoregtk4.1-0:2.52.5-1.fc44.x86_64
javascriptcoregtk6.0-0:2.52.5-1.fc44.x86_64
jbigkit-libs-0:2.1-33.fc44.x86_64
jemalloc-0:5.3.0-14.fc44.x86_64
jose-0:14-6.fc44.x86_64
jq-0:1.8.1-3.fc44.x86_64
json-c-0:0.18-8.fc44.x86_64
json-glib-0:1.10.8-5.fc44.x86_64
kbd-0:2.9.0-4.fc44.x86_64
kbd-legacy-0:2.9.0-4.fc44.noarch
kbd-misc-0:2.9.0-4.fc44.noarch
kdump-utils-0:1.0.61-1.fc44.x86_64
kernel-0:7.1.13-200.fc44.x86_64
kernel-core-0:7.1.13-200.fc44.x86_64
kernel-modules-0:7.1.13-200.fc44.x86_64
kernel-modules-core-0:7.1.13-200.fc44.x86_64
kexec-tools-0:2.0.32-3.fc44.x86_64
keyutils-0:1.6.3-7.fc44.x86_64
keyutils-libs-0:1.6.3-7.fc44.x86_64
kmod-0:34.2-4.fc44.x86_64
kmod-libs-0:34.2-4.fc44.x86_64
kpartx-0:0.13.1-1.fc44.x86_64
krb5-libs-0:1.22.2-4.fc44.x86_64
lame-libs-0:3.100-21.fc44.x86_64
lcms2-0:2.16-7.fc44.x86_64
less-0:704-4.fc44.x86_64
libICE-0:1.1.2-4.fc44.x86_64
libSM-0:1.2.5-4.fc44.x86_64
libX11-0:1.8.13-1.fc44.x86_64
libX11-common-0:1.8.13-1.fc44.noarch
libX11-xcb-0:1.8.13-1.fc44.x86_64
libXau-0:1.0.12-4.fc44.x86_64
libXcomposite-0:0.4.6-7.fc44.x86_64
libXcursor-0:1.2.3-4.fc44.x86_64
libXdamage-0:1.1.6-7.fc44.x86_64
libXdmcp-0:1.1.5-5.fc44.x86_64
libXext-0:1.3.6-5.fc44.x86_64
libXfixes-0:6.0.1-7.fc44.x86_64
libXfont2-0:2.0.9-1.fc44.x86_64
libXft-0:2.3.8-10.fc44.x86_64
libXi-0:1.8.3-1.fc44.x86_64
libXinerama-0:1.1.5-10.fc44.x86_64
libXmu-0:1.2.1-5.fc44.x86_64
libXrandr-0:1.5.4-7.fc44.x86_64
libXrender-0:0.9.12-4.fc44.x86_64
libXt-0:1.3.1-4.fc44.x86_64
libXtst-0:1.2.5-4.fc44.x86_64
libXv-0:1.0.13-4.fc44.x86_64
libXxf86vm-0:1.1.6-4.fc44.x86_64
libacl-0:2.4.0-1.fc44.x86_64
libadwaita-0:1.9.3-1.fc44.x86_64
libaio-0:0.3.111-23.fc44.x86_64
libaom-0:3.13.3-1.fc44.x86_64
libarchive-0:3.8.7-1.fc44.x86_64
libaribcaption-0:1.1.1-4.fc44.x86_64
libassuan-0:2.5.7-5.fc44.x86_64
libasyncns-0:0.8-34.fc44.x86_64
libatasmart-0:0.19-32.fc44.x86_64
libatomic-0:16.2.1-2.fc44.x86_64
libattr-0:2.6.0-1.fc44.x86_64
libavcodec-free-0:8.1.2-4.fc44.x86_64
libavformat-free-0:8.1.2-4.fc44.x86_64
libavif-0:1.3.0-4.fc44.x86_64
libavutil-free-0:8.1.2-4.fc44.x86_64
libbasicobjects-0:0.1.1-61.fc44.x86_64
libblkid-0:2.41.5-1.fc44.x86_64
libblockdev-0:3.5.0-1.fc44.x86_64
libblockdev-crypto-0:3.5.0-1.fc44.x86_64
libblockdev-fs-0:3.5.0-1.fc44.x86_64
libblockdev-loop-0:3.5.0-1.fc44.x86_64
libblockdev-mdraid-0:3.5.0-1.fc44.x86_64
libblockdev-nvme-0:3.5.0-1.fc44.x86_64
libblockdev-part-0:3.5.0-1.fc44.x86_64
libblockdev-smart-0:3.5.0-1.fc44.x86_64
libblockdev-swap-0:3.5.0-1.fc44.x86_64
libblockdev-utils-0:3.5.0-1.fc44.x86_64
libbluray-0:1.4.0-3.fc44.x86_64
libbpf-2:1.6.3-2.fc44.x86_64
libbrotli-0:1.2.0-3.fc44.x86_64
libbsd-0:0.12.2-7.fc44.x86_64
libbytesize-0:2.12-2.fc44.x86_64
libcanberra-0:0.30-39.fc44.x86_64
libcanberra-gtk3-0:0.30-39.fc44.x86_64
libcap-0:2.78-1.fc44.x86_64
libcap-ng-0:0.9.5-1.fc44.x86_64
libcbor-0:0.13.0-2.fc44.x86_64
libcdio-0:2.3.0-1.fc44.x86_64
libcdio-paranoia-0:10.2+2.0.2-6.fc44.x86_64
libchromaprint-0:1.6.0-4.fc44.x86_64
libcloudproviders-0:0.4.1-1.fc44.x86_64
libcollection-0:0.7.0-61.fc44.x86_64
libcom_err-0:1.47.3-4.fc44.x86_64
libcue-0:2.3.0-14.fc44.x86_64
libcurl-0:8.18.0-9.fc44.x86_64
libdaemon-0:0.14-33.fc44.x86_64
libdatrie-0:0.2.14-2.fc44.x86_64
libdav1d-0:1.5.3-1.fc44.x86_64
libdbusmenu-0:16.04.0-31.fc44.x86_64
libdbusmenu-gtk3-0:16.04.0-31.fc44.x86_64
libdecor-0:0.2.5-2.fc44.x86_64
libdhash-0:0.5.0-61.fc44.x86_64
libdisplay-info-0:0.3.0-1.fc44.x86_64
libdnf5-0:5.4.4.0-1.fc44.x86_64
libdnf5-cli-0:5.4.4.0-1.fc44.x86_64
libdnf5-plugin-expired-pgp-keys-0:5.4.4.0-1.fc44.x86_64
libdnf5-plugin-systemd-inhibit-0:5.4.4.0-1.fc44.x86_64
libdrm-0:2.4.134-1.fc44.x86_64
libdvdnav-0:7.0.0-1.fc44.x86_64
libdvdread-0:7.0.1-1.fc44.x86_64
libebur128-0:1.2.6-15.fc44.x86_64
libeconf-0:0.7.9-3.fc44.x86_64
libedit-0:3.1-59.20260512cvs.fc44.x86_64
libei-0:1.6.0-2.fc44.x86_64
libeis-0:1.6.0-2.fc44.x86_64
libepoxy-0:1.5.10-12.fc44.x86_64
liberation-fonts-all-1:2.1.5-15.fc44.noarch
liberation-mono-fonts-1:2.1.5-15.fc44.noarch
liberation-sans-fonts-1:2.1.5-15.fc44.noarch
liberation-serif-fonts-1:2.1.5-15.fc44.noarch
libev-0:4.33-15.fc44.x86_64
libevdev-0:1.13.7-1.fc44.x86_64
libevent-0:2.1.12-17.fc44.x86_64
libfdisk-0:2.41.5-1.fc44.x86_64
libffi-0:3.5.2-2.fc44.x86_64
libfido2-0:1.16.0-5.fc44.x86_64
libfontenc-0:1.1.8-5.fc44.x86_64
libfsverity-0:1.6-4.fc44.x86_64
libfyaml-0:0.8-9.fc44.x86_64
libgcc-0:16.2.1-2.fc44.x86_64
libgcrypt-0:1.12.2-1.fc44.x86_64
libgee-0:0.20.8-3.fc44.x86_64
libgexiv2-0:0.16.2-1.fc44.x86_64
libglvnd-1:1.7.0-9.fc44.x86_64
libglvnd-egl-1:1.7.0-9.fc44.x86_64
libglvnd-gles-1:1.7.0-9.fc44.x86_64
libglvnd-glx-1:1.7.0-9.fc44.x86_64
libgomp-0:16.2.1-2.fc44.x86_64
libgpg-error-0:1.58-2.fc44.x86_64
libgsf-0:1.14.58-1.fc44.x86_64
libgtop2-0:2.41.3-5.fc44.x86_64
libgudev-0:238-9.fc44.x86_64
libgusb-0:0.4.9-5.fc44.x86_64
libgweather-0:4.6.0-1.fc44.x86_64
libgxps-0:0.3.2-12.fc44.x86_64
libheif-0:1.21.2-1.fc44.x86_64
libibverbs-0:61.0-2.fc44.x86_64
libical-0:3.0.20-7.fc44.x86_64
libical-glib-0:3.0.20-7.fc44.x86_64
libicu-0:77.1-3.fc44.x86_64
libidn2-0:2.3.8-3.fc44.x86_64
libimobiledevice-0:1.4.0-3.fc44.x86_64
libimobiledevice-glue-0:1.3.2-1.fc44.x86_64
libini_config-0:1.3.1-61.fc44.x86_64
libinput-0:1.31.3-1.fc44.x86_64
libipa_hbac-0:2.13.1-2.fc44.x86_64
libjose-0:14-6.fc44.x86_64
libjpeg-turbo-0:3.1.3-1.fc44.x86_64
libjxl-1:0.11.2-1.fc44.x86_64
libkcapi-0:1.5.0-7.fc44.x86_64
libkcapi-hasher-0:1.5.0-7.fc44.x86_64
libkcapi-hmaccalc-0:1.5.0-7.fc44.x86_64
libksba-0:1.6.7-5.fc44.x86_64
liblastlog2-0:2.41.5-1.fc44.x86_64
liblc3-0:1.1.3-7.fc44.x86_64
libldac-0:2.0.2.3-19.fc44.x86_64
libldb-2:4.24.6-1.fc44.x86_64
liblerc-0:4.0.0-10.fc44.x86_64
libluksmeta-0:10-2.fc44.x86_64
libmanette-0:0.2.13-2.fc44.x86_64
libmaxminddb-0:1.13.3-1.fc44.x86_64
libmbim-0:1.32.0-3.fc44.x86_64
libmbim-utils-0:1.32.0-3.fc44.x86_64
libmd-0:1.2.0-1.fc44.x86_64
libmnl-0:1.0.5-9.fc44.x86_64
libmodplug-1:0.8.9.0-29.fc44.x86_64
libmodulemd-0:2.15.3-1.fc44.x86_64
libmount-0:2.41.5-1.fc44.x86_64
libmpc-0:1.4.1-1.fc44.x86_64
libndp-0:1.9-5.fc44.x86_64
libnet-0:1.3-7.fc44.x86_64
libnetfilter_conntrack-0:1.1.1-1.fc44.x86_64
libnfnetlink-0:1.0.1-32.fc44.x86_64
libnfsidmap-1:2.8.7-7.fc44.x86_64
libnftnl-0:1.3.1-2.fc44.x86_64
libnghttp2-0:1.68.0-5.fc44.x86_64
libnghttp3-0:1.18.0-1.fc44.x86_64
libnice-0:0.1.23-2.fc44.x86_64
libnl3-0:3.12.0-3.fc44.x86_64
libnma-common-0:1.10.6-11.fc44.noarch
libnma-gtk4-0:1.10.6-11.fc44.x86_64
libnotify-0:0.8.8-1.fc44.x86_64
libnsl2-0:2.0.1-5.fc44.x86_64
libnvme-0:1.16.2-1.fc44.x86_64
liboeffis-0:1.6.0-2.fc44.x86_64
libogg-2:1.3.6-2.fc44.x86_64
libopenjph-0:0.25.3-3.fc44.x86_64
libopenmpt-0:0.8.9-1.fc44.x86_64
libosinfo-0:1.12.0-5.fc44.x86_64
libpath_utils-0:0.2.1-61.fc44.x86_64
libpcap-14:1.10.6-2.fc44.x86_64
libpciaccess-0:0.16-17.fc44.x86_64
libphonenumber-0:8.13.55-9.fc44.x86_64
libpipeline-0:1.5.8-4.fc44.x86_64
libpkgconf-0:2.5.1-1.fc44.x86_64
libplist-0:2.7.0-1.fc44.x86_64
libpng-2:1.6.58-1.fc44.x86_64
libportal-0:0.10.0-1.fc44.x86_64
libportal-gtk4-0:0.10.0-1.fc44.x86_64
libproxy-0:0.5.12-2.fc44.x86_64
libpsl-0:0.21.5-7.fc44.x86_64
libpwquality-0:1.4.5-15.fc44.x86_64
libqmi-0:1.36.0-3.fc44.x86_64
libqmi-utils-0:1.36.0-3.fc44.x86_64
libqrtr-glib-0:1.2.2-9.fc44.x86_64
librabbitmq-0:0.17.0-1.fc44.x86_64
libref_array-0:0.1.5-61.fc44.x86_64
librepo-0:1.21.0-2.fc44.x86_64
libreport-filesystem-0:2.17.15-10.fc44.noarch
libretls-0:3.8.1-7.fc44.x86_64
librist-0:0.2.11-1.fc44.x86_64
librsvg2-0:2.62.3-1.fc44.x86_64
libsbc-0:2.1-2.fc44.x86_64
libseccomp-0:2.6.1-2.fc44.x86_64
libsecret-0:0.21.7-10.fc44.x86_64
libselinux-0:3.11-2.fc44.x86_64
libselinux-utils-0:3.11-2.fc44.x86_64
libsemanage-0:3.11-1.fc44.x86_64
libsepol-0:3.11-1.fc44.x86_64
libshout-0:2.4.6-10.fc44.x86_64
libsmartcols-0:2.41.5-1.fc44.x86_64
libsmbclient-2:4.24.6-1.fc44.x86_64
libsndfile-0:1.2.2-11.fc44.x86_64
libsodium-0:1.0.22-1.fc44.x86_64
libsolv-0:0.7.39-1.fc44.x86_64
libsoup3-0:3.6.6-10.fc44.x86_64
libspelling-0:0.4.10-1.fc44.x86_64
libss-0:1.47.3-4.fc44.x86_64
libssh-0:0.12.2-1.fc44.x86_64
libssh-config-0:0.12.2-1.fc44.noarch
libsss_certmap-0:2.13.1-2.fc44.x86_64
libsss_idmap-0:2.13.1-2.fc44.x86_64
libsss_nss_idmap-0:2.13.1-2.fc44.x86_64
libsss_sudo-0:2.13.1-2.fc44.x86_64
libstdc++-0:16.2.1-2.fc44.x86_64
libstemmer-0:3.0.1-11.fc44.x86_64
libswresample-free-0:8.1.2-4.fc44.x86_64
libtalloc-0:2.4.4-1.fc44.x86_64
libtasn1-0:4.21.0-1.fc44.x86_64
libtdb-0:1.4.15-1.fc44.x86_64
libtevent-0:0.17.1-4.fc44.x86_64
libtextstyle-0:0.26-5.fc44.x86_64
libthai-0:0.1.30-2.fc44.x86_64
libtheora-1:1.1.1-41.fc44.x86_64
libtiff-0:4.7.2-1.fc44.x86_64
libtinysparql-0:3.11.1-1.fc44.x86_64
libtirpc-0:1.3.7-2.rc1.fc44.x86_64
libtool-ltdl-0:2.5.4-10.fc44.x86_64
libudfread-0:1.2.0-3.fc44.x86_64
libudisks2-0:2.11.2-1.fc44.x86_64
libunistring-0:1.1-11.fc44.x86_64
libunwind-0:1.8.3-1.fc44.x86_64
liburing-0:2.13-2.fc44.x86_64
libusb1-0:1.0.30-1.fc44.x86_64
libusbmuxd-0:2.1.1-1.fc44.x86_64
libutempter-0:1.2.1-20.fc44.x86_64
libuuid-0:2.41.5-1.fc44.x86_64
libuv-1:1.52.1-2.fc44.x86_64
libv4l-0:1.32.0-3.fc44.x86_64
libva-0:2.23.0-3.fc44.x86_64
libvdpau-0:1.5-11.fc44.x86_64
libverto-0:0.3.2-12.fc44.x86_64
libverto-libev-0:0.3.2-12.fc44.x86_64
libvisual-1:0.4.2-4.fc44.x86_64
libvmaf-0:3.0.0-5.fc44.x86_64
libvorbis-1:1.3.7-14.fc44.x86_64
libvpl-1:2.17.0-1.fc44.x86_64
libvpx-0:1.15.0-5.fc44.x86_64
libwacom-0:2.19.0-1.fc44.x86_64
libwacom-data-0:2.19.0-1.fc44.noarch
libwayland-client-0:1.25.0-1.fc44.x86_64
libwayland-cursor-0:1.25.0-1.fc44.x86_64
libwayland-egl-0:1.25.0-1.fc44.x86_64
libwayland-server-0:1.25.0-1.fc44.x86_64
libwbclient-2:4.24.6-1.fc44.x86_64
libwebp-0:1.6.0-3.fc44.x86_64
libxcb-0:1.17.0-7.fc44.x86_64
libxcrypt-0:4.5.2-3.fc44.x86_64
libxcvt-0:0.1.2-11.fc44.x86_64
libxkbcommon-0:1.13.1-2.fc44.x86_64
libxkbfile-0:1.1.3-5.fc44.x86_64
libxml2-0:2.12.10-6.fc44.x86_64
libxmlb-0:0.3.29-1.fc44.x86_64
libxshmfence-0:1.3.2-8.fc44.x86_64
libxslt-0:1.1.43-6.fc44.x86_64
libyaml-0:0.2.5-18.fc44.x86_64
libyuv-0:0-0.61.20260213git6067afd.fc44.x86_64
libzip-0:1.11.4-3.fc44.x86_64
libzstd-0:1.5.7-5.fc44.x86_64
linux-firmware-0:20260810-1.fc44.noarch
linux-firmware-whence-0:20260810-1.fc44.noarch
llvm-filesystem-0:22.1.8-4.fc44.x86_64
llvm-libs-0:22.1.8-4.fc44.x86_64
lm_sensors-libs-0:3.6.0-24.fc44.x86_64
lmdb-libs-0:0.9.34-2.fc44.x86_64
localsearch-0:3.11.2-1.fc44.x86_64
logrotate-0:3.22.0-5.fc44.x86_64
loupe-0:50.0-1.fc44.x86_64
lpcnetfreedv-0:0.5-10.fc44.x86_64
lsof-0:4.98.0-9.fc44.x86_64
lua-libs-0:5.4.8-5.fc44.x86_64
luksmeta-0:10-2.fc44.x86_64
lvm2-0:2.03.38-2.fc44.x86_64
lvm2-libs-0:2.03.38-2.fc44.x86_64
lz4-libs-0:1.10.0-4.fc44.x86_64
lzo-0:2.10-16.fc44.x86_64
makedumpfile-0:1.7.9-1.fc44.x86_64
malcontent-0:0.14.0-1.fc44.x86_64
malcontent-libs-0:0.14.0-1.fc44.x86_64
man-db-0:2.13.1-3.fc44.x86_64
mdadm-0:4.3-11.fc44.x86_64
memstrack-0:0.2.5-8.fc44.x86_64
mesa-dri-drivers-0:26.1.8-1.fc44.x86_64
mesa-filesystem-0:26.1.8-1.fc44.x86_64
mesa-libEGL-0:26.1.8-1.fc44.x86_64
mesa-libGL-0:26.1.8-1.fc44.x86_64
mesa-libgbm-0:26.1.8-1.fc44.x86_64
microcode_ctl-2:2.1-74.fc44.x86_64
mkpasswd-0:5.6.6-1.fc44.x86_64
mobile-broadband-provider-info-0:20240407-5.fc44.noarch
mokutil-2:0.7.2-3.fc44.x86_64
mosh-0:1.4.0-10.fc44.x86_64
mozjs140-0:140.13.0-3.fc44.x86_64
mpdecimal-0:4.0.1-3.fc44.x86_64
mpfr-0:4.2.2-3.fc44.x86_64
mpg123-libs-0:1.32.10-3.fc44.x86_64
msgraph-0:0.3.4-5.fc44.x86_64
mt7xxx-firmware-0:20260810-1.fc44.noarch
mtdev-0:1.1.6-12.fc44.x86_64
mutter-0:50.4-1.fc44.x86_64
mutter-common-0:50.4-1.fc44.noarch
nano-0:8.7.1-2.fc44.x86_64
nano-default-editor-0:8.7.1-2.fc44.noarch
nautilus-0:50.3-1.fc44.x86_64
nautilus-extensions-0:50.3-1.fc44.x86_64
ncurses-0:6.6-1.fc44.x86_64
ncurses-base-0:6.6-1.fc44.noarch
ncurses-libs-0:6.6-1.fc44.x86_64
net-tools-0:2.0-0.77.20160912git.fc44.x86_64
netavark-2:1.17.2-1.fc44.x86_64
netcat-0:1.238-1.fc44.x86_64
nettle-0:3.10.1-3.fc44.x86_64
newt-0:0.52.25-6.fc44.x86_64
nfs-client-utils-1:2.8.7-7.fc44.x86_64
nfs-common-utils-1:2.8.7-7.fc44.x86_64
nfs-utils-1:2.8.7-7.fc44.x86_64
nfsv3-client-utils-1:2.8.7-7.fc44.x86_64
nfsv4-client-utils-1:2.8.7-7.fc44.x86_64
nftables-1:1.1.6-2.fc44.x86_64
nftables-services-1:1.1.6-2.fc44.noarch
ngtcp2-0:1.22.1-1.fc44.x86_64
ngtcp2-crypto-gnutls-0:1.22.1-1.fc44.x86_64
ngtcp2-crypto-ossl-0:1.22.1-1.fc44.x86_64
nilfs-utils-0:2.2.11-8.fc44.x86_64
npth-0:1.8-4.fc44.x86_64
nspr-0:4.39.0-4.fc44.x86_64
nss-0:3.127.0-1.fc44.x86_64
nss-altfiles-0:2.23.0-9.fc44.x86_64
nss-softokn-0:3.127.0-1.fc44.x86_64
nss-softokn-freebl-0:3.127.0-1.fc44.x86_64
nss-sysinit-0:3.127.0-1.fc44.x86_64
nss-util-0:3.127.0-1.fc44.x86_64
ntfs-3g-2:2026.2.25-1.fc44.x86_64
ntfs-3g-libs-2:2026.2.25-1.fc44.x86_64
ntfs-3g-system-compression-0:1.1-2.fc44.x86_64
ntfsprogs-2:2026.2.25-1.fc44.x86_64
numactl-libs-0:2.0.19-4.fc44.x86_64
nvidia-gpu-firmware-0:20260810-1.fc44.noarch
nvme-cli-0:2.16-3.fc44.x86_64
nxpwireless-firmware-0:20260810-1.fc44.noarch
oniguruma-0:6.9.10-4.fc44.x86_64
openapv-libs-0:0.2.1.2-1.fc44.x86_64
opencore-amr-0:0.1.6-10.fc44.x86_64
openh264-0:2.6.0-3.fc44.x86_64
openjpeg-0:2.5.4-3.fc44.x86_64
openldap-0:2.6.14-1.fc44.x86_64
openpgm-0:5.3.128-6.fc44.x86_64
openssh-0:10.2p1-14.fc44.x86_64
openssh-clients-0:10.2p1-14.fc44.x86_64
openssh-server-0:10.2p1-14.fc44.x86_64
openssl-1:3.5.8-1.fc44.x86_64
openssl-libs-1:3.5.8-1.fc44.x86_64
opus-0:1.6-2.fc44.x86_64
orc-0:0.4.41-3.fc44.x86_64
os-prober-0:1.81-11.fc44.x86_64
osinfo-db-0:20251212-1.fc44.noarch
osinfo-db-tools-0:1.12.0-5.fc44.x86_64
ostree-0:2026.4-1.fc44.x86_64
ostree-libs-0:2026.4-1.fc44.x86_64
p11-kit-0:0.26.5-1.fc44.x86_64
p11-kit-server-0:0.26.5-1.fc44.x86_64
p11-kit-trust-0:0.26.5-1.fc44.x86_64
pam-0:1.7.2-2.fc44.x86_64
pam-libs-0:1.7.2-2.fc44.x86_64
pango-0:1.57.1-1.fc44.x86_64
passim-0:0.1.12-1.fc44.x86_64
passim-libs-0:0.1.12-1.fc44.x86_64
passt-0:0^20260728.gf8df3f1-2.fc44.x86_64
passt-selinux-0:0^20260728.gf8df3f1-2.fc44.noarch
pcre2-0:10.47-1.fc44.1.x86_64
pcre2-syntax-0:10.47-1.fc44.1.noarch
perl-AutoLoader-0:5.74-525.fc44.noarch
perl-B-0:1.89-525.fc44.x86_64
perl-Carp-0:1.54-521.fc44.noarch
perl-Class-Struct-0:0.68-525.fc44.noarch
perl-Data-Dumper-0:2.192-523.fc44.x86_64
perl-Digest-0:1.20-521.fc44.noarch
perl-Digest-MD5-0:2.59-521.fc44.x86_64
perl-DynaLoader-0:1.57-525.fc44.x86_64
perl-Encode-4:3.21-521.fc44.x86_64
perl-Errno-0:1.38-525.fc44.x86_64
perl-Error-1:0.17030-3.fc44.noarch
perl-Exporter-0:5.79-521.fc44.noarch
perl-Fcntl-0:1.20-525.fc44.x86_64
perl-File-Basename-0:2.86-525.fc44.noarch
perl-File-Path-0:2.18-522.fc44.noarch
perl-File-Temp-1:0.231.200-2.fc44.noarch
perl-File-stat-0:1.14-525.fc44.noarch
perl-FileHandle-0:2.05-525.fc44.noarch
perl-Getopt-Long-1:2.58-521.fc44.noarch
perl-Getopt-Std-0:1.14-525.fc44.noarch
perl-Git-0:2.55.0-1.fc44.noarch
perl-HTTP-Tiny-0:0.096-1.fc44.noarch
perl-IO-0:1.55-525.fc44.x86_64
perl-IO-Socket-IP-0:0.43-522.fc44.noarch
perl-IO-Socket-SSL-0:2.098-2.fc44.noarch
perl-IPC-Open3-0:1.24-525.fc44.noarch
perl-MIME-Base32-0:1.303-25.fc44.noarch
perl-MIME-Base64-0:3.16-521.fc44.x86_64
perl-Net-SSLeay-0:1.94-12.fc44.x86_64
perl-POSIX-0:2.23-525.fc44.x86_64
perl-PathTools-0:3.94-521.fc44.x86_64
perl-Pod-Escapes-1:1.07-521.fc44.noarch
perl-Pod-Perldoc-0:3.28.01-522.fc44.noarch
perl-Pod-Simple-1:3.47-4.fc44.noarch
perl-Pod-Usage-4:2.05-521.fc44.noarch
perl-Scalar-List-Utils-5:1.70-2.fc44.x86_64
perl-SelectSaver-0:1.02-525.fc44.noarch
perl-Socket-4:2.043-1.fc44.x86_64
perl-Storable-1:3.37-522.fc44.x86_64
perl-Symbol-0:1.09-525.fc44.noarch
perl-Term-ANSIColor-0:5.01-522.fc44.noarch
perl-Term-Cap-0:1.18-521.fc44.noarch
perl-TermReadKey-0:2.38-27.fc44.x86_64
perl-Text-ParseWords-0:3.31-521.fc44.noarch
perl-Text-Tabs+Wrap-0:2024.001-521.fc44.noarch
perl-Time-HiRes-4:1.9778-521.fc44.x86_64
perl-Time-Local-2:1.350-521.fc44.noarch
perl-URI-0:5.36-1.fc44.noarch
perl-Unicode-Normalize-0:1.32-521.fc44.x86_64
perl-base-0:2.27-525.fc44.noarch
perl-constant-0:1.33-522.fc44.noarch
perl-if-0:0.61.000-525.fc44.noarch
perl-interpreter-4:5.42.3-525.fc44.x86_64
perl-lib-0:0.65-525.fc44.x86_64
perl-libnet-0:3.15-522.fc44.noarch
perl-libs-4:5.42.3-525.fc44.x86_64
perl-locale-0:1.13-525.fc44.noarch
perl-mro-0:1.29-525.fc44.x86_64
perl-overload-0:1.40-525.fc44.noarch
perl-overloading-0:0.02-525.fc44.noarch
perl-parent-1:0.244-521.fc44.noarch
perl-podlators-1:6.0.2-521.fc44.noarch
perl-vars-0:1.05-525.fc44.noarch
pinentry-0:1.3.2-3.fc44.x86_64
pipewire-0:1.6.8-1.fc44.x86_64
pipewire-gstreamer-0:1.6.8-1.fc44.x86_64
pipewire-libs-0:1.6.8-1.fc44.x86_64
pipewire-pulseaudio-0:1.6.8-1.fc44.x86_64
pixman-0:0.46.2-3.fc44.x86_64
pkcs11-provider-0:1.1-3.fc44.x86_64
pkgconf-0:2.5.1-1.fc44.x86_64
pkgconf-m4-0:2.5.1-1.fc44.noarch
pkgconf-pkg-config-0:2.5.1-1.fc44.x86_64
podman-5:5.8.4-1.fc44.x86_64
podman-sequoia-0:0.3.2-2.fc44.x86_64
policycoreutils-0:3.11-2.fc44.x86_64
polkit-0:127-2.fc44.2.x86_64
polkit-libs-0:127-2.fc44.2.x86_64
polkit-pkla-compat-0:0.1-32.fc44.x86_64
poppler-0:26.01.0-3.fc44.x86_64
poppler-data-0:0.4.11-11.fc44.noarch
poppler-glib-0:26.01.0-3.fc44.x86_64
popt-0:1.19-10.fc44.x86_64
power-profiles-daemon-0:0.30-3.fc44.x86_64
procps-ng-0:4.0.6-1.fc44.x86_64
protobuf-0:3.19.6-20.fc44.x86_64
protobuf-c-0:1.5.2-2.fc44.x86_64
psmisc-0:23.7-7.fc44.x86_64
ptyxis-0:50.1-2.fc44.x86_64
publicsuffix-list-dafsa-0:20260116-1.fc44.noarch
pulseaudio-libs-0:17.0-9.fc44.x86_64
pulseaudio-libs-glib2-0:17.0-9.fc44.x86_64
python-pip-wheel-0:26.0.1-3.fc44.noarch
python-unversioned-command-0:3.14.7-1.fc44.noarch
python3-0:3.14.7-1.fc44.x86_64
python3-argcomplete-0:3.6.3-4.fc44.noarch
python3-attrs-0:25.4.0-2.fc44.noarch
python3-audit-0:4.2.1-1.fc44.x86_64
python3-boto3-0:1.43.88-1.fc44.noarch
python3-botocore-0:1.43.88-1.fc44.noarch
python3-cairo-0:1.28.0-5.fc44.x86_64
python3-charset-normalizer-0:3.4.4-2.fc44.noarch
python3-configobj-0:5.0.9-9.fc44.noarch
python3-dateutil-1:2.9.0.post0-7.fc44.noarch
python3-dbus-0:1.4.0-9.fc44.x86_64
python3-distro-0:1.9.0-11.fc44.noarch
python3-file-magic-0:5.46-10.fc44.noarch
python3-firewall-0:2.4.4-1.fc44.noarch
python3-gobject-0:3.56.3-1.fc44.x86_64
python3-gobject-base-0:3.56.3-1.fc44.x86_64
python3-html2text-0:2025.4.15-6.fc44.noarch
python3-idna-0:3.18-1.fc44.noarch
python3-jinja2-0:3.1.6-7.fc44.noarch
python3-jmespath-0:1.0.1-14.fc44.noarch
python3-jsonpatch-0:1.33-12.fc44.noarch
python3-jsonpointer-0:2.4-9.fc44.noarch
python3-jsonschema-0:4.23.0-7.fc44.noarch
python3-jsonschema-specifications-0:2024.10.1-7.fc44.noarch
python3-libdnf5-0:5.4.4.0-1.fc44.x86_64
python3-libs-0:3.14.7-1.fc44.x86_64
python3-libselinux-0:3.11-2.fc44.x86_64
python3-libsemanage-0:3.11-1.fc44.x86_64
python3-markupsafe-0:3.0.2-7.fc44.x86_64
python3-nftables-1:1.1.6-2.fc44.noarch
python3-oauthlib-0:3.3.1-1.fc44.noarch
python3-packaging-0:25.0-8.fc44.noarch
python3-pam-0:2.0.2-18.fc44.noarch
python3-pexpect-0:4.9.0-15.fc44.noarch
python3-policycoreutils-0:3.11-2.fc44.noarch
python3-ptyprocess-0:0.7.0-15.fc44.noarch
python3-pysocks-0:1.7.1-32.fc44.noarch
python3-pyyaml-0:6.0.3-3.fc44.x86_64
python3-referencing-0:0.36.2-6.fc44.noarch
python3-requests-0:2.33.1-1.fc44.noarch
python3-rpds-py-0:0.29.0-4.fc44.x86_64
python3-rpm-0:6.0.2-1.fc44.x86_64
python3-s3transfer-0:0.19.1-1.fc44.noarch
python3-setools-0:4.6.0-6.fc44.x86_64
python3-six-0:1.17.0-8.fc44.noarch
python3-urllib3+socks-0:2.7.0-1.fc44.noarch
python3-urllib3-0:2.7.0-1.fc44.noarch
qcom-wwan-firmware-0:20260810-1.fc44.noarch
qemu-guest-agent-2:10.2.2-1.fc44.x86_64
qrencode-libs-0:4.1.1-12.fc44.x86_64
quota-1:4.11-2.fc44.x86_64
quota-nls-1:4.11-2.fc44.noarch
rav1e-libs-0:0.8.1-3.fc44.x86_64
rdma-core-common-0:61.0-2.fc44.noarch
readline-0:8.3-4.fc44.x86_64
realtek-firmware-0:20260810-1.fc44.noarch
rest-0:0.10.2-5.fc44.x86_64
ripgrep-0:15.2.0-1.fc44.x86_64
rpcbind-0:1.2.9-2.fc44.x86_64
rpm-0:6.0.2-1.fc44.x86_64
rpm-build-libs-0:6.0.2-1.fc44.x86_64
rpm-libs-0:6.0.2-1.fc44.x86_64
rpm-ostree-0:2026.2-1.fc44.x86_64
rpm-ostree-libs-0:2026.2-1.fc44.x86_64
rpm-plugin-audit-0:6.0.2-1.fc44.x86_64
rpm-plugin-selinux-0:6.0.2-1.fc44.x86_64
rpm-sequoia-0:1.10.2-4.fc44.x86_64
rpm-sign-libs-0:6.0.2-1.fc44.x86_64
rsync-0:3.5.0-1.fc44.x86_64
rtkit-0:0.11-70.fc44.x86_64
samba-client-libs-2:4.24.6-1.fc44.x86_64
samba-common-2:4.24.6-1.fc44.noarch
samba-core-libs-2:4.24.6-1.fc44.x86_64
samba-ndr-libs-2:4.24.6-1.fc44.x86_64
sdbus-cpp-0:2.2.1-2.fc44.x86_64
sed-0:4.9-7.fc44.x86_64
selinux-policy-0:44.8-1.fc44.noarch
selinux-policy-targeted-0:44.8-1.fc44.noarch
setup-0:2.15.0-28.fc44.noarch
setxkbmap-0:1.3.4-7.fc44.x86_64
sg3_utils-0:1.48-10.fc44.x86_64
sg3_utils-libs-0:1.48-10.fc44.x86_64
shadow-utils-2:4.19.0-7.fc44.x86_64
shadow-utils-subid-2:4.19.0-7.fc44.x86_64
shared-mime-info-0:2.4-3.fc44.x86_64
shim-x64-0:16.1-5.x86_64
simdutf-0:7.2.1-3.fc44.x86_64
skopeo-1:1.22.2-2.fc44.x86_64
slang-0:2.3.3-9.fc44.x86_64
snappy-0:1.2.2-4.fc44.x86_64
socat-0:1.8.1.1-1.fc44.x86_64
sos-0:4.12.0-1.fc44.noarch
sound-theme-freedesktop-0:0.8-31.fc44.noarch
soxr-0:0.1.3-21.fc44.x86_64
spandsp-0:0.0.6-22.fc44.x86_64
speex-0:1.2.0-21.fc44.x86_64
spice-vdagent-0:0.23.0-2.fc44.x86_64
spirv-tools-libs-0:2026.1-1.fc44.x86_64
sqlite-libs-0:3.51.2-2.fc44.x86_64
squashfs-tools-0:4.6.1-8.fc44.x86_64
srt-libs-0:1.5.7-1.fc44.x86_64
sssd-ad-0:2.13.1-2.fc44.x86_64
sssd-client-0:2.13.1-2.fc44.x86_64
sssd-common-0:2.13.1-2.fc44.x86_64
sssd-common-pac-0:2.13.1-2.fc44.x86_64
sssd-ipa-0:2.13.1-2.fc44.x86_64
sssd-krb5-0:2.13.1-2.fc44.x86_64
sssd-krb5-common-0:2.13.1-2.fc44.x86_64
sssd-ldap-0:2.13.1-2.fc44.x86_64
sssd-nfs-idmap-0:2.13.1-2.fc44.x86_64
stalld-0:1.28.1-1.fc44.x86_64
startup-notification-0:0.12-33.fc44.x86_64
sudo-0:1.9.17-8.p2.fc44.x86_64
sudo-python-plugin-0:1.9.17-8.p2.fc44.x86_64
svt-av1-libs-0:3.1.2-2.fc44.x86_64
switcheroo-control-0:3.0-5.fc44.x86_64
systemd-0:259.8-1.fc44.x86_64
systemd-libs-0:259.8-1.fc44.x86_64
systemd-pam-0:259.8-1.fc44.x86_64
systemd-resolved-0:259.8-1.fc44.x86_64
systemd-shared-0:259.8-1.fc44.x86_64
systemd-sysusers-0:259.8-1.fc44.x86_64
systemd-udev-0:259.8-1.fc44.x86_64
taglib-0:2.3-2.fc44.x86_64
tar-2:1.35-8.fc44.x86_64
tecla-0:50.0-1.fc44.x86_64
tiwilink-firmware-0:20260810-1.fc44.noarch
tmux-0:3.7c-1.fc44.x86_64
toolbox-0:0.3-4.fc44.x86_64
totem-pl-parser-0:3.26.7-1.fc44.x86_64
tpm2-tools-0:5.7-5.fc44.x86_64
tpm2-tss-0:4.1.3-9.fc44.x86_64
tpm2-tss-fapi-0:4.1.3-9.fc44.x86_64
twolame-libs-0:0.4.0-9.fc44.x86_64
tzdata-0:2026c-1.fc44.noarch
uchardet-0:0.0.8-10.fc44.x86_64
udftools-0:2.3-13.fc44.x86_64
udisks2-0:2.11.2-1.fc44.x86_64
unbound-libs-0:1.26.0-1.fc44.x86_64
unzip-0:6.0-69.fc44.x86_64
upower-0:1.91.3-1.fc44.x86_64
upower-libs-0:1.91.3-1.fc44.x86_64
userspace-rcu-0:0.15.6-1.fc44.x86_64
util-linux-0:2.41.5-1.fc44.x86_64
util-linux-core-0:2.41.5-1.fc44.x86_64
vim-data-2:9.2.967-1.fc44.noarch
vim-minimal-2:9.2.967-1.fc44.x86_64
vo-amrwbenc-0:0.1.3-24.fc44.x86_64
volume_key-libs-0:0.3.12-29.fc44.x86_64
vte-profile-0:0.84.1-1.fc44.x86_64
vte291-0:0.84.1-1.fc44.x86_64
vte291-gtk4-0:0.84.1-1.fc44.x86_64
vulkan-loader-0:1.4.341.0-1.fc44.x86_64
wavpack-0:5.9.0-2.fc44.x86_64
wcurl-0:2026.01.05-2.fc44.noarch
webkit2gtk4.1-0:2.52.5-1.fc44.x86_64
webkitgtk6.0-0:2.52.5-1.fc44.x86_64
webrtc-audio-processing-0:2.1-5.fc44.x86_64
wget2-0:2.2.1-2.fc44.x86_64
wget2-libs-0:2.2.1-2.fc44.x86_64
wget2-wget-0:2.2.1-2.fc44.x86_64
which-0:2.25-1.fc44.x86_64
whois-nls-0:5.6.6-1.fc44.noarch
wireless-regdb-0:2026.09.03-1.fc44.noarch
wireplumber-0:0.5.14-1.fc44.x86_64
wireplumber-libs-0:0.5.14-1.fc44.x86_64
wpa_supplicant-1:2.11-9.fc44.x86_64
wsdd-0:0.8-6.fc44.noarch
xcb-util-0:0.4.1-9.fc44.x86_64
xdg-dbus-proxy-0:0.1.8-1.fc44.x86_64
xdg-desktop-portal-0:1.22.1-1.fc44.x86_64
xdg-desktop-portal-gnome-0:50.0-1.fc44.x86_64
xdg-desktop-portal-gtk-0:1.15.3-3.fc44.x86_64
xdg-user-dirs-0:0.18-11.fc43.x86_64
xdg-user-dirs-gtk-0:0.16-2.fc44.x86_64
xdg-utils-0:1.2.1-5.fc44.noarch
xevd-libs-0:0.5.0-6.fc44.x86_64
xeve-libs-0:0.5.1-6.fc44.x86_64
xfsprogs-0:7.1.1-1.fc44.x86_64
xhost-0:1.0.9-11.fc44.x86_64
xkbcomp-0:1.5.0-2.fc44.x86_64
xkeyboard-config-0:2.47-1.fc44.noarch
xml-common-0:0.6.3-68.fc44.noarch
xmodmap-0:1.0.11-10.fc44.x86_64
xorg-x11-server-Xwayland-0:24.1.13-1.fc44.x86_64
xorg-x11-xauth-1:1.1.5-1.fc44.x86_64
xorg-x11-xinit-0:1.4.3-4.fc44.x86_64
xprop-0:1.2.8-5.fc44.x86_64
xrdb-0:1.2.2-7.fc44.x86_64
xvidcore-0:1.3.7-19.fc44.x86_64
xxhash-libs-0:0.8.3-4.fc44.x86_64
xz-1:5.8.2-2.fc44.x86_64
xz-libs-1:5.8.2-2.fc44.x86_64
zchunk-libs-0:1.5.4-1.fc44.x86_64
zeromq-0:4.3.5-22.fc43.x86_64
zlib-ng-compat-0:2.3.3-3.fc44.x86_64
zram-generator-0:1.2.1-5.fc44.x86_64
zram-generator-defaults-0:1.2.1-5.fc44.noarch
zstd-0:1.5.7-5.fc44.x86_64
zvbi-0:0.2.44-3.fc44.x86_64
